
Microsoft Visual Studio Solution File, Format Version 12.00
# Visual Studio Version 16
VisualStudioVersion = 16.0.30413.136
MinimumVisualStudioVersion = 10.0.40219.1
Project("{FAE04EC0-301F-11D3-BF4B-00C04F79EFBC}") = "ZarOyunu", "ZarOyunu\ZarOyunu.csproj", "{041298F9-E98E-4E23-8057-3390FC1C2112}"
EndProject
Global
	GlobalSection(SolutionConfigurationPlatforms) = preSolution
		Debug|Any CPU = Debug|Any CPU
		Release|Any CPU = Release|Any CPU
	EndGlobalSection
	GlobalSection(ProjectConfigurationPlatforms) = postSolution
		{041298F9-E98E-4E23-8057-3390FC1C2112}.Debug|Any CPU.ActiveCfg = Debug|Any CPU
		{041298F9-E98E-4E23-8057-3390FC1C2112}.Debug|Any CPU.Build.0 = Debug|Any CPU
		{041298F9-E98E-4E23-8057-3390FC1C2112}.Release|Any CPU.ActiveCfg = Release|Any CPU
		{041298F9-E98E-4E23-8057-3390FC1C2112}.Release|Any CPU.Build.0 = Release|Any CPU
	EndGlobalSection
	GlobalSection(SolutionProperties) = preSolution
		HideSolutionNode = FALSE
	EndGlobalSection
	GlobalSection(ExtensibilityGlobals) = postSolution
		SolutionGuid = {895732CC-7E75-4C11-97D0-B70F2BB9E664}
	EndGlobalSection
EndGlobal
